
Microsoft Visual Studio Solution File, Format Version 12.00
# Visual Studio Version 16
VisualStudioVersion = 16.0.33927.289
MinimumVisualStudioVersion = 10.0.40219.1
Project("{2150E333-8FDC-42A3-9474-1A3956D46DE8}") = "Task0", "Task0", "{041895A5-8921-47FD-B342-3B359F1E1925}"
EndProject
Project("{FAE04EC0-301F-11D3-BF4B-00C04F79EFBC}") = "Tyuiu.IbrayevAA.Sprint2.Task0.V14", "Tyuiu.IbrayevAA.Sprint2.Task0.V14\Tyuiu.IbrayevAA.Sprint2.Task0.V14.csproj", "{C9B39923-8420-4D13-A686-3C7874ECC6D8}"
EndProject
Project("{FAE04EC0-301F-11D3-BF4B-00C04F79EFBC}") = "Tyuiu.IbrayevAA.Sprint2.Task0.V14.Lib", "Tyuiu.IbrayevAA.Sprint2.Task0.V14.Lib\Tyuiu.IbrayevAA.Sprint2.Task0.V14.Lib.csproj", "{09CDEB84-CAA0-46EE-B5E2-9907B6D84D12}"
EndProject
Project("{FAE04EC0-301F-11D3-BF4B-00C04F79EFBC}") = "Tyuiu.IbrayevAA.Sprint2.Task0.V14.Test", "Tyuiu.IbrayevAA.Sprint2.Task0.V14.Test\Tyuiu.IbrayevAA.Sprint2.Task0.V14.Test.csproj", "{2FB0D19D-7444-49FF-BAAC-47A604941991}"
EndProject
Global
	GlobalSection(SolutionConfigurationPlatforms) = preSolution
		Debug|Any CPU = Debug|Any CPU
		Release|Any CPU = Release|Any CPU
	EndGlobalSection
	GlobalSection(ProjectConfigurationPlatforms) = postSolution
		{C9B39923-8420-4D13-A686-3C7874ECC6D8}.Debug|Any CPU.ActiveCfg = Debug|Any CPU
		{C9B39923-8420-4D13-A686-3C7874ECC6D8}.Debug|Any CPU.Build.0 = Debug|Any CPU
		{C9B39923-8420-4D13-A686-3C7874ECC6D8}.Release|Any CPU.ActiveCfg = Release|Any CPU
		{C9B39923-8420-4D13-A686-3C7874ECC6D8}.Release|Any CPU.Build.0 = Release|Any CPU
		{09CDEB84-CAA0-46EE-B5E2-9907B6D84D12}.Debug|Any CPU.ActiveCfg = Debug|Any CPU
		{09CDEB84-CAA0-46EE-B5E2-9907B6D84D12}.Debug|Any CPU.Build.0 = Debug|Any CPU
		{09CDEB84-CAA0-46EE-B5E2-9907B6D84D12}.Release|Any CPU.ActiveCfg = Release|Any CPU
		{09CDEB84-CAA0-46EE-B5E2-9907B6D84D12}.Release|Any CPU.Build.0 = Release|Any CPU
		{2FB0D19D-7444-49FF-BAAC-47A604941991}.Debug|Any CPU.ActiveCfg = Debug|Any CPU
		{2FB0D19D-7444-49FF-BAAC-47A604941991}.Debug|Any CPU.Build.0 = Debug|Any CPU
		{2FB0D19D-7444-49FF-BAAC-47A604941991}.Release|Any CPU.ActiveCfg = Release|Any CPU
		{2FB0D19D-7444-49FF-BAAC-47A604941991}.Release|Any CPU.Build.0 = Release|Any CPU
	EndGlobalSection
	GlobalSection(SolutionProperties) = preSolution
		HideSolutionNode = FALSE
	EndGlobalSection
	GlobalSection(NestedProjects) = preSolution
		{C9B39923-8420-4D13-A686-3C7874ECC6D8} = {041895A5-8921-47FD-B342-3B359F1E1925}
		{09CDEB84-CAA0-46EE-B5E2-9907B6D84D12} = {041895A5-8921-47FD-B342-3B359F1E1925}
		{2FB0D19D-7444-49FF-BAAC-47A604941991} = {041895A5-8921-47FD-B342-3B359F1E1925}
	EndGlobalSection
	GlobalSection(ExtensibilityGlobals) = postSolution
		SolutionGuid = {9CA927C5-23B7-48E4-AE79-AA5D029FE294}
	EndGlobalSection
EndGlobal
