
Microsoft Visual Studio Solution File, Format Version 12.00
# Visual Studio Version 16
VisualStudioVersion = 16.0.33927.289
MinimumVisualStudioVersion = 10.0.40219.1
Project("{2150E333-8FDC-42A3-9474-1A3956D46DE8}") = "Task0", "Task0", "{041895A5-8921-47FD-B342-3B359F1E1925}"
EndProject
Project("{FAE04EC0-301F-11D3-BF4B-00C04F79EFBC}") = "Tyuiu.IbrayevAA.Sprint2.Task0.V14", "Tyuiu.IbrayevAA.Sprint2.Task0.V14\Tyuiu.IbrayevAA.Sprint2.Task0.V14.csproj", "{C9B39923-8420-4D13-A686-3C7874ECC6D8}"
EndProject
Project("{FAE04EC0-301F-11D3-BF4B-00C04F79EFBC}") = "Tyuiu.IbrayevAA.Sprint2.Task0.V14.Lib", "Tyuiu.IbrayevAA.Sprint2.Task0.V14.Lib\Tyuiu.IbrayevAA.Sprint2.Task0.V14.Lib.csproj", "{09CDEB84-CAA0-46EE-B5E2-9907B6D84D12}"
EndProject
Project("{FAE04EC0-301F-11D3-BF4B-00C04F79EFBC}") = "Tyuiu.IbrayevAA.Sprint2.Task0.V14.Test", "Tyuiu.IbrayevAA.Sprint2.Task0.V14.Test\Tyuiu.IbrayevAA.Sprint2.Task0.V14.Test.csproj", "{2FB0D19D-7444-49FF-BAAC-47A604941991}"
EndProject
Project("{2150E333-8FDC-42A3-9474-1A3956D46DE8}") = "Task1", "Task1", "{BE9342AA-2E5A-4F44-8E7A-7AB41569BAE2}"
EndProject
Project("{FAE04EC0-301F-11D3-BF4B-00C04F79EFBC}") = "Tyuiu.IbrayevAA.Sprint2.Task1.V27", "Tyuiu.IbrayevAA.Sprint2.Task1.V27\Tyuiu.IbrayevAA.Sprint2.Task1.V27.csproj", "{A46DC383-0913-4F09-93A3-B6805B9A607C}"
EndProject
Project("{FAE04EC0-301F-11D3-BF4B-00C04F79EFBC}") = "Tyuiu.IbrayevAA.Sprint2.Task1.V27.Lib", "Tyuiu.IbrayevAA.Sprint2.Task1.V27.Lib\Tyuiu.IbrayevAA.Sprint2.Task1.V27.Lib.csproj", "{256B5B10-C076-4A88-BE04-F8793A8FEFEB}"
EndProject
Project("{FAE04EC0-301F-11D3-BF4B-00C04F79EFBC}") = "Tyuiu.IbrayevAA.Sprint2.Task1.V27.Test", "Tyuiu.IbrayevAA.Sprint2.Task1.V27.Test\Tyuiu.IbrayevAA.Sprint2.Task1.V27.Test.csproj", "{4527ED07-CE2A-478A-8A02-95D2F98D30E3}"
EndProject
Project("{2150E333-8FDC-42A3-9474-1A3956D46DE8}") = "Task2", "Task2", "{1A58B890-DE4E-43D8-B009-CA1ED70C57DC}"
EndProject
Project("{FAE04EC0-301F-11D3-BF4B-00C04F79EFBC}") = "Tyuiu.IbrayevAA.Sprint2.Task2.V12", "Tyuiu.IbrayevAA.Sprint2.Task2.V12\Tyuiu.IbrayevAA.Sprint2.Task2.V12.csproj", "{4A19C22A-A671-41E8-8FC1-509F75F984CA}"
EndProject
Project("{FAE04EC0-301F-11D3-BF4B-00C04F79EFBC}") = "Tyuiu.IbrayevAA.Sprint2.Task2.V12.Lib", "Tyuiu.IbrayevAA.Sprint2.Task2.V12.Lib\Tyuiu.IbrayevAA.Sprint2.Task2.V12.Lib.csproj", "{BE0701FC-04EC-4E9F-917F-8A545A905EC1}"
EndProject
Project("{FAE04EC0-301F-11D3-BF4B-00C04F79EFBC}") = "Tyuiu.IbrayevAA.Sprint2.Task2.V12.Test", "Tyuiu.IbrayevAA.Sprint2.Task2.V12.Test\Tyuiu.IbrayevAA.Sprint2.Task2.V12.Test.csproj", "{2079E029-68E3-4E59-8CBD-FAE058DA16F7}"
EndProject
Project("{2150E333-8FDC-42A3-9474-1A3956D46DE8}") = "Task3", "Task3", "{EC0A7E91-07FF-40A1-A4D0-711B400AC7FF}"
EndProject
Project("{FAE04EC0-301F-11D3-BF4B-00C04F79EFBC}") = "Tyuiu.IbrayevAA.Sprint2.Task3.V4", "Tyuiu.IbrayevAA.Sprint2.Task3.V4\Tyuiu.IbrayevAA.Sprint2.Task3.V4.csproj", "{ECA84EF9-3EF4-4313-99C6-0DC2A774C275}"
EndProject
Project("{FAE04EC0-301F-11D3-BF4B-00C04F79EFBC}") = "Tyuiu.IbrayevAA.Sprint2.Task3.V4.Lib", "Tyuiu.IbrayevAA.Sprint2.Task3.V4.Lib\Tyuiu.IbrayevAA.Sprint2.Task3.V4.Lib.csproj", "{D5A889F9-0AF3-4BAB-B755-4808886AEDB2}"
EndProject
Project("{FAE04EC0-301F-11D3-BF4B-00C04F79EFBC}") = "Tyuiu.IbrayevAA.Sprint2.Task3.V4.Test", "Tyuiu.IbrayevAA.Sprint2.Task3.V4.Test\Tyuiu.IbrayevAA.Sprint2.Task3.V4.Test.csproj", "{3D1B0E37-642D-4B6A-A826-B05FB925FE3F}"
EndProject
Project("{2150E333-8FDC-42A3-9474-1A3956D46DE8}") = "Task4", "Task4", "{8D580665-EC48-4341-BBD3-EEDCAC53A7B2}"
EndProject
Project("{FAE04EC0-301F-11D3-BF4B-00C04F79EFBC}") = "Tyuiu.IbrayevAA.Sprint2.Task4.V22", "Tyuiu.IbrayevAA.Sprint2.Task4.V22\Tyuiu.IbrayevAA.Sprint2.Task4.V22.csproj", "{A229FFFD-7D40-4C0B-B92A-A6C293578DA4}"
EndProject
Project("{FAE04EC0-301F-11D3-BF4B-00C04F79EFBC}") = "Tyuiu.IbrayevAA.Sprint2.Task4.V22.Lib", "Tyuiu.IbrayevAA.Sprint2.Task4.V22.Lib\Tyuiu.IbrayevAA.Sprint2.Task4.V22.Lib.csproj", "{A3634722-D3E0-44FE-B40E-E80705199169}"
EndProject
Project("{FAE04EC0-301F-11D3-BF4B-00C04F79EFBC}") = "Tyuiu.IbrayevAA.Sprint2.Task4.V22.Test", "Tyuiu.IbrayevAA.Sprint2.Task4.V22.Test\Tyuiu.IbrayevAA.Sprint2.Task4.V22.Test.csproj", "{7FDB4A1F-9964-4C58-89A9-FF312087A941}"
EndProject
Global
	GlobalSection(SolutionConfigurationPlatforms) = preSolution
		Debug|Any CPU = Debug|Any CPU
		Release|Any CPU = Release|Any CPU
	EndGlobalSection
	GlobalSection(ProjectConfigurationPlatforms) = postSolution
		{C9B39923-8420-4D13-A686-3C7874ECC6D8}.Debug|Any CPU.ActiveCfg = Debug|Any CPU
		{C9B39923-8420-4D13-A686-3C7874ECC6D8}.Debug|Any CPU.Build.0 = Debug|Any CPU
		{C9B39923-8420-4D13-A686-3C7874ECC6D8}.Release|Any CPU.ActiveCfg = Release|Any CPU
		{C9B39923-8420-4D13-A686-3C7874ECC6D8}.Release|Any CPU.Build.0 = Release|Any CPU
		{09CDEB84-CAA0-46EE-B5E2-9907B6D84D12}.Debug|Any CPU.ActiveCfg = Debug|Any CPU
		{09CDEB84-CAA0-46EE-B5E2-9907B6D84D12}.Debug|Any CPU.Build.0 = Debug|Any CPU
		{09CDEB84-CAA0-46EE-B5E2-9907B6D84D12}.Release|Any CPU.ActiveCfg = Release|Any CPU
		{09CDEB84-CAA0-46EE-B5E2-9907B6D84D12}.Release|Any CPU.Build.0 = Release|Any CPU
		{2FB0D19D-7444-49FF-BAAC-47A604941991}.Debug|Any CPU.ActiveCfg = Debug|Any CPU
		{2FB0D19D-7444-49FF-BAAC-47A604941991}.Debug|Any CPU.Build.0 = Debug|Any CPU
		{2FB0D19D-7444-49FF-BAAC-47A604941991}.Release|Any CPU.ActiveCfg = Release|Any CPU
		{2FB0D19D-7444-49FF-BAAC-47A604941991}.Release|Any CPU.Build.0 = Release|Any CPU
		{A46DC383-0913-4F09-93A3-B6805B9A607C}.Debug|Any CPU.ActiveCfg = Debug|Any CPU
		{A46DC383-0913-4F09-93A3-B6805B9A607C}.Debug|Any CPU.Build.0 = Debug|Any CPU
		{A46DC383-0913-4F09-93A3-B6805B9A607C}.Release|Any CPU.ActiveCfg = Release|Any CPU
		{A46DC383-0913-4F09-93A3-B6805B9A607C}.Release|Any CPU.Build.0 = Release|Any CPU
		{256B5B10-C076-4A88-BE04-F8793A8FEFEB}.Debug|Any CPU.ActiveCfg = Debug|Any CPU
		{256B5B10-C076-4A88-BE04-F8793A8FEFEB}.Debug|Any CPU.Build.0 = Debug|Any CPU
		{256B5B10-C076-4A88-BE04-F8793A8FEFEB}.Release|Any CPU.ActiveCfg = Release|Any CPU
		{256B5B10-C076-4A88-BE04-F8793A8FEFEB}.Release|Any CPU.Build.0 = Release|Any CPU
		{4527ED07-CE2A-478A-8A02-95D2F98D30E3}.Debug|Any CPU.ActiveCfg = Debug|Any CPU
		{4527ED07-CE2A-478A-8A02-95D2F98D30E3}.Debug|Any CPU.Build.0 = Debug|Any CPU
		{4527ED07-CE2A-478A-8A02-95D2F98D30E3}.Release|Any CPU.ActiveCfg = Release|Any CPU
		{4527ED07-CE2A-478A-8A02-95D2F98D30E3}.Release|Any CPU.Build.0 = Release|Any CPU
		{4A19C22A-A671-41E8-8FC1-509F75F984CA}.Debug|Any CPU.ActiveCfg = Debug|Any CPU
		{4A19C22A-A671-41E8-8FC1-509F75F984CA}.Debug|Any CPU.Build.0 = Debug|Any CPU
		{4A19C22A-A671-41E8-8FC1-509F75F984CA}.Release|Any CPU.ActiveCfg = Release|Any CPU
		{4A19C22A-A671-41E8-8FC1-509F75F984CA}.Release|Any CPU.Build.0 = Release|Any CPU
		{BE0701FC-04EC-4E9F-917F-8A545A905EC1}.Debug|Any CPU.ActiveCfg = Debug|Any CPU
		{BE0701FC-04EC-4E9F-917F-8A545A905EC1}.Debug|Any CPU.Build.0 = Debug|Any CPU
		{BE0701FC-04EC-4E9F-917F-8A545A905EC1}.Release|Any CPU.ActiveCfg = Release|Any CPU
		{BE0701FC-04EC-4E9F-917F-8A545A905EC1}.Release|Any CPU.Build.0 = Release|Any CPU
		{2079E029-68E3-4E59-8CBD-FAE058DA16F7}.Debug|Any CPU.ActiveCfg = Debug|Any CPU
		{2079E029-68E3-4E59-8CBD-FAE058DA16F7}.Debug|Any CPU.Build.0 = Debug|Any CPU
		{2079E029-68E3-4E59-8CBD-FAE058DA16F7}.Release|Any CPU.ActiveCfg = Release|Any CPU
		{2079E029-68E3-4E59-8CBD-FAE058DA16F7}.Release|Any CPU.Build.0 = Release|Any CPU
		{ECA84EF9-3EF4-4313-99C6-0DC2A774C275}.Debug|Any CPU.ActiveCfg = Debug|Any CPU
		{ECA84EF9-3EF4-4313-99C6-0DC2A774C275}.Debug|Any CPU.Build.0 = Debug|Any CPU
		{ECA84EF9-3EF4-4313-99C6-0DC2A774C275}.Release|Any CPU.ActiveCfg = Release|Any CPU
		{ECA84EF9-3EF4-4313-99C6-0DC2A774C275}.Release|Any CPU.Build.0 = Release|Any CPU
		{D5A889F9-0AF3-4BAB-B755-4808886AEDB2}.Debug|Any CPU.ActiveCfg = Debug|Any CPU
		{D5A889F9-0AF3-4BAB-B755-4808886AEDB2}.Debug|Any CPU.Build.0 = Debug|Any CPU
		{D5A889F9-0AF3-4BAB-B755-4808886AEDB2}.Release|Any CPU.ActiveCfg = Release|Any CPU
		{D5A889F9-0AF3-4BAB-B755-4808886AEDB2}.Release|Any CPU.Build.0 = Release|Any CPU
		{3D1B0E37-642D-4B6A-A826-B05FB925FE3F}.Debug|Any CPU.ActiveCfg = Debug|Any CPU
		{3D1B0E37-642D-4B6A-A826-B05FB925FE3F}.Debug|Any CPU.Build.0 = Debug|Any CPU
		{3D1B0E37-642D-4B6A-A826-B05FB925FE3F}.Release|Any CPU.ActiveCfg = Release|Any CPU
		{3D1B0E37-642D-4B6A-A826-B05FB925FE3F}.Release|Any CPU.Build.0 = Release|Any CPU
		{A229FFFD-7D40-4C0B-B92A-A6C293578DA4}.Debug|Any CPU.ActiveCfg = Debug|Any CPU
		{A229FFFD-7D40-4C0B-B92A-A6C293578DA4}.Debug|Any CPU.Build.0 = Debug|Any CPU
		{A229FFFD-7D40-4C0B-B92A-A6C293578DA4}.Release|Any CPU.ActiveCfg = Release|Any CPU
		{A229FFFD-7D40-4C0B-B92A-A6C293578DA4}.Release|Any CPU.Build.0 = Release|Any CPU
		{A3634722-D3E0-44FE-B40E-E80705199169}.Debug|Any CPU.ActiveCfg = Debug|Any CPU
		{A3634722-D3E0-44FE-B40E-E80705199169}.Debug|Any CPU.Build.0 = Debug|Any CPU
		{A3634722-D3E0-44FE-B40E-E80705199169}.Release|Any CPU.ActiveCfg = Release|Any CPU
		{A3634722-D3E0-44FE-B40E-E80705199169}.Release|Any CPU.Build.0 = Release|Any CPU
		{7FDB4A1F-9964-4C58-89A9-FF312087A941}.Debug|Any CPU.ActiveCfg = Debug|Any CPU
		{7FDB4A1F-9964-4C58-89A9-FF312087A941}.Debug|Any CPU.Build.0 = Debug|Any CPU
		{7FDB4A1F-9964-4C58-89A9-FF312087A941}.Release|Any CPU.ActiveCfg = Release|Any CPU
		{7FDB4A1F-9964-4C58-89A9-FF312087A941}.Release|Any CPU.Build.0 = Release|Any CPU
	EndGlobalSection
	GlobalSection(SolutionProperties) = preSolution
		HideSolutionNode = FALSE
	EndGlobalSection
	GlobalSection(NestedProjects) = preSolution
		{C9B39923-8420-4D13-A686-3C7874ECC6D8} = {041895A5-8921-47FD-B342-3B359F1E1925}
		{09CDEB84-CAA0-46EE-B5E2-9907B6D84D12} = {041895A5-8921-47FD-B342-3B359F1E1925}
		{2FB0D19D-7444-49FF-BAAC-47A604941991} = {041895A5-8921-47FD-B342-3B359F1E1925}
		{A46DC383-0913-4F09-93A3-B6805B9A607C} = {BE9342AA-2E5A-4F44-8E7A-7AB41569BAE2}
		{256B5B10-C076-4A88-BE04-F8793A8FEFEB} = {BE9342AA-2E5A-4F44-8E7A-7AB41569BAE2}
		{4527ED07-CE2A-478A-8A02-95D2F98D30E3} = {BE9342AA-2E5A-4F44-8E7A-7AB41569BAE2}
		{4A19C22A-A671-41E8-8FC1-509F75F984CA} = {1A58B890-DE4E-43D8-B009-CA1ED70C57DC}
		{BE0701FC-04EC-4E9F-917F-8A545A905EC1} = {1A58B890-DE4E-43D8-B009-CA1ED70C57DC}
		{2079E029-68E3-4E59-8CBD-FAE058DA16F7} = {1A58B890-DE4E-43D8-B009-CA1ED70C57DC}
		{ECA84EF9-3EF4-4313-99C6-0DC2A774C275} = {EC0A7E91-07FF-40A1-A4D0-711B400AC7FF}
		{D5A889F9-0AF3-4BAB-B755-4808886AEDB2} = {EC0A7E91-07FF-40A1-A4D0-711B400AC7FF}
		{3D1B0E37-642D-4B6A-A826-B05FB925FE3F} = {EC0A7E91-07FF-40A1-A4D0-711B400AC7FF}
		{A229FFFD-7D40-4C0B-B92A-A6C293578DA4} = {8D580665-EC48-4341-BBD3-EEDCAC53A7B2}
		{A3634722-D3E0-44FE-B40E-E80705199169} = {8D580665-EC48-4341-BBD3-EEDCAC53A7B2}
		{7FDB4A1F-9964-4C58-89A9-FF312087A941} = {8D580665-EC48-4341-BBD3-EEDCAC53A7B2}
	EndGlobalSection
	GlobalSection(ExtensibilityGlobals) = postSolution
		SolutionGuid = {9CA927C5-23B7-48E4-AE79-AA5D029FE294}
	EndGlobalSection
EndGlobal
